// !$*UTF8*$!
{
	archiveVersion = 1;
	classes = {
	};
	objectVersion = 56;
	objects = {

/* Begin PBXBuildFile section */
		20264F812A0A559000EC0876 /* GameHistoryView.swift in Sources */ = {isa = PBXBuildFile; fileRef = 20264F802A0A559000EC0876 /* GameHistoryView.swift */; };
		2096AED02A081CB2004D4145 /* GameView.swift in Sources */ = {isa = PBXBuildFile; fileRef = 2096AECF2A081CB2004D4145 /* GameView.swift */; };
		20B5AA692A0BDADF00A42E97 /* ImageRollerView.swift in Sources */ = {isa = PBXBuildFile; fileRef = 20B5AA682A0BDADF00A42E97 /* ImageRollerView.swift */; };
		20B5AA6B2A0BDB5400A42E97 /* ButtonPlayView.swift in Sources */ = {isa = PBXBuildFile; fileRef = 20B5AA6A2A0BDB5400A42E97 /* ButtonPlayView.swift */; };
		20B5AA6D2A0BDC4C00A42E97 /* TextInstructionView.swift in Sources */ = {isa = PBXBuildFile; fileRef = 20B5AA6C2A0BDC4C00A42E97 /* TextInstructionView.swift */; };
		20B5AA702A0BDCE600A42E97 /* GameHistoryTextView.swift in Sources */ = {isa = PBXBuildFile; fileRef = 20B5AA6F2A0BDCE600A42E97 /* GameHistoryTextView.swift */; };
		20C90D5C2A07EAFC003D42EA /* Tic_tac_toeGameApp_SwiftUIApp.swift in Sources */ = {isa = PBXBuildFile; fileRef = 20C90D5B2A07EAFC003D42EA /* Tic_tac_toeGameApp_SwiftUIApp.swift */; };
		20C90D5E2A07EAFC003D42EA /* ContentView.swift in Sources */ = {isa = PBXBuildFile; fileRef = 20C90D5D2A07EAFC003D42EA /* ContentView.swift */; };
		20C90D602A07EAFD003D42EA /* Assets.xcassets in Resources */ = {isa = PBXBuildFile; fileRef = 20C90D5F2A07EAFD003D42EA /* Assets.xcassets */; };
		20C90D632A07EAFD003D42EA /* Preview Assets.xcassets in Resources */ = {isa = PBXBuildFile; fileRef = 20C90D622A07EAFD003D42EA /* Preview Assets.xcassets */; };
		20C90D652A07EAFD003D42EA /* Persistence.swift in Sources */ = {isa = PBXBuildFile; fileRef = 20C90D642A07EAFD003D42EA /* Persistence.swift */; };
		20C90D682A07EAFD003D42EA /* Tic_tac_toeGameApp_SwiftUI.xcdatamodeld in Sources */ = {isa = PBXBuildFile; fileRef = 20C90D662A07EAFD003D42EA /* Tic_tac_toeGameApp_SwiftUI.xcdatamodeld */; };
		20C90D6F2A07ED93003D42EA /* TextFieldView.swift in Sources */ = {isa = PBXBuildFile; fileRef = 20C90D6E2A07ED93003D42EA /* TextFieldView.swift */; };
/* End PBXBuildFile section */

/* Begin PBXFileReference section */
		20264F802A0A559000EC0876 /* GameHistoryView.swift */ = {isa = PBXFileReference; lastKnownFileType = sourcecode.swift; path = GameHistoryView.swift; sourceTree = "<group>"; };
		2096AECF2A081CB2004D4145 /* GameView.swift */ = {isa = PBXFileReference; lastKnownFileType = sourcecode.swift; path = GameView.swift; sourceTree = "<group>"; };
		20B5AA682A0BDADF00A42E97 /* ImageRollerView.swift */ = {isa = PBXFileReference; lastKnownFileType = sourcecode.swift; path = ImageRollerView.swift; sourceTree = "<group>"; };
		20B5AA6A2A0BDB5400A42E97 /* ButtonPlayView.swift */ = {isa = PBXFileReference; lastKnownFileType = sourcecode.swift; path = ButtonPlayView.swift; sourceTree = "<group>"; };
		20B5AA6C2A0BDC4C00A42E97 /* TextInstructionView.swift */ = {isa = PBXFileReference; lastKnownFileType = sourcecode.swift; path = TextInstructionView.swift; sourceTree = "<group>"; };
		20B5AA6F2A0BDCE600A42E97 /* GameHistoryTextView.swift */ = {isa = PBXFileReference; lastKnownFileType = sourcecode.swift; path = GameHistoryTextView.swift; sourceTree = "<group>"; };
		20C90D582A07EAFC003D42EA /* Tic-tac-toeGameApp_SwiftUI.app */ = {isa = PBXFileReference; explicitFileType = wrapper.application; includeInIndex = 0; path = "Tic-tac-toeGameApp_SwiftUI.app"; sourceTree = BUILT_PRODUCTS_DIR; };
		20C90D5B2A07EAFC003D42EA /* Tic_tac_toeGameApp_SwiftUIApp.swift */ = {isa = PBXFileReference; lastKnownFileType = sourcecode.swift; path = Tic_tac_toeGameApp_SwiftUIApp.swift; sourceTree = "<group>"; };
		20C90D5D2A07EAFC003D42EA /* ContentView.swift */ = {isa = PBXFileReference; lastKnownFileType = sourcecode.swift; path = ContentView.swift; sourceTree = "<group>"; };
		20C90D5F2A07EAFD003D42EA /* Assets.xcassets */ = {isa = PBXFileReference; lastKnownFileType = folder.assetcatalog; path = Assets.xcassets; sourceTree = "<group>"; };
		20C90D622A07EAFD003D42EA /* Preview Assets.xcassets */ = {isa = PBXFileReference; lastKnownFileType = folder.assetcatalog; path = "Preview Assets.xcassets"; sourceTree = "<group>"; };
		20C90D642A07EAFD003D42EA /* Persistence.swift */ = {isa = PBXFileReference; lastKnownFileType = sourcecode.swift; path = Persistence.swift; sourceTree = "<group>"; };
		20C90D672A07EAFD003D42EA /* Tic_tac_toeGameApp_SwiftUI.xcdatamodel */ = {isa = PBXFileReference; lastKnownFileType = wrapper.xcdatamodel; path = Tic_tac_toeGameApp_SwiftUI.xcdatamodel; sourceTree = "<group>"; };
		20C90D6E2A07ED93003D42EA /* TextFieldView.swift */ = {isa = PBXFileReference; lastKnownFileType = sourcecode.swift; path = TextFieldView.swift; sourceTree = "<group>"; };
/* End PBXFileReference section */

/* Begin PBXFrameworksBuildPhase section */
		20C90D552A07EAFC003D42EA /* Frameworks */ = {
			isa = PBXFrameworksBuildPhase;
			buildActionMask = 2147483647;
			files = (
			);
			runOnlyForDeploymentPostprocessing = 0;
		};
/* End PBXFrameworksBuildPhase section */

/* Begin PBXGroup section */
		20B5AA672A0BDA8F00A42E97 /* Subviews */ = {
			isa = PBXGroup;
			children = (
				20B5AA6F2A0BDCE600A42E97 /* GameHistoryTextView.swift */,
				20B5AA6A2A0BDB5400A42E97 /* ButtonPlayView.swift */,
				20B5AA6C2A0BDC4C00A42E97 /* TextInstructionView.swift */,
				20B5AA682A0BDADF00A42E97 /* ImageRollerView.swift */,
				20C90D6E2A07ED93003D42EA /* TextFieldView.swift */,
			);
			path = Subviews;
			sourceTree = "<group>";
		};
		20B5AA6E2A0BDC8000A42E97 /* View */ = {
			isa = PBXGroup;
			children = (
				20C90D5D2A07EAFC003D42EA /* ContentView.swift */,
				20264F802A0A559000EC0876 /* GameHistoryView.swift */,
				2096AECF2A081CB2004D4145 /* GameView.swift */,
			);
			path = View;
			sourceTree = "<group>";
		};
		20C90D4F2A07EAFC003D42EA = {
			isa = PBXGroup;
			children = (
				20C90D5A2A07EAFC003D42EA /* Tic-tac-toeGameApp_SwiftUI */,
				20C90D592A07EAFC003D42EA /* Products */,
			);
			sourceTree = "<group>";
		};
		20C90D592A07EAFC003D42EA /* Products */ = {
			isa = PBXGroup;
			children = (
				20C90D582A07EAFC003D42EA /* Tic-tac-toeGameApp_SwiftUI.app */,
			);
			name = Products;
			sourceTree = "<group>";
		};
		20C90D5A2A07EAFC003D42EA /* Tic-tac-toeGameApp_SwiftUI */ = {
			isa = PBXGroup;
			children = (
				20C90D5B2A07EAFC003D42EA /* Tic_tac_toeGameApp_SwiftUIApp.swift */,
				20B5AA6E2A0BDC8000A42E97 /* View */,
				20B5AA672A0BDA8F00A42E97 /* Subviews */,
				20C90D5F2A07EAFD003D42EA /* Assets.xcassets */,
				20C90D642A07EAFD003D42EA /* Persistence.swift */,
				20C90D662A07EAFD003D42EA /* Tic_tac_toeGameApp_SwiftUI.xcdatamodeld */,
				20C90D612A07EAFD003D42EA /* Preview Content */,
			);
			path = "Tic-tac-toeGameApp_SwiftUI";
			sourceTree = "<group>";
		};
		20C90D612A07EAFD003D42EA /* Preview Content */ = {
			isa = PBXGroup;
			children = (
				20C90D622A07EAFD003D42EA /* Preview Assets.xcassets */,
			);
			path = "Preview Content";
			sourceTree = "<group>";
		};
/* End PBXGroup section */

/* Begin PBXNativeTarget section */
		20C90D572A07EAFC003D42EA /* Tic-tac-toeGameApp_SwiftUI */ = {
			isa = PBXNativeTarget;
			buildConfigurationList = 20C90D6B2A07EAFD003D42EA /* Build configuration list for PBXNativeTarget "Tic-tac-toeGameApp_SwiftUI" */;
			buildPhases = (
				20C90D542A07EAFC003D42EA /* Sources */,
				20C90D552A07EAFC003D42EA /* Frameworks */,
				20C90D562A07EAFC003D42EA /* Resources */,
			);
			buildRules = (
			);
			dependencies = (
			);
			name = "Tic-tac-toeGameApp_SwiftUI";
			productName = "Tic-tac-toeGameApp_SwiftUI";
			productReference = 20C90D582A07EAFC003D42EA /* Tic-tac-toeGameApp_SwiftUI.app */;
			productType = "com.apple.product-type.application";
		};
/* End PBXNativeTarget section */

/* Begin PBXProject section */
		20C90D502A07EAFC003D42EA /* Project object */ = {
			isa = PBXProject;
			attributes = {
				BuildIndependentTargetsInParallel = 1;
				LastSwiftUpdateCheck = 1420;
				LastUpgradeCheck = 1420;
				TargetAttributes = {
					20C90D572A07EAFC003D42EA = {
						CreatedOnToolsVersion = 14.2;
					};
				};
			};
			buildConfigurationList = 20C90D532A07EAFC003D42EA /* Build configuration list for PBXProject "Tic-tac-toeGameApp_SwiftUI" */;
			compatibilityVersion = "Xcode 14.0";
			developmentRegion = en;
			hasScannedForEncodings = 0;
			knownRegions = (
				en,
				Base,
			);
			mainGroup = 20C90D4F2A07EAFC003D42EA;
			productRefGroup = 20C90D592A07EAFC003D42EA /* Products */;
			projectDirPath = "";
			projectRoot = "";
			targets = (
				20C90D572A07EAFC003D42EA /* Tic-tac-toeGameApp_SwiftUI */,
			);
		};
/* End PBXProject section */

/* Begin PBXResourcesBuildPhase section */
		20C90D562A07EAFC003D42EA /* Resources */ = {
			isa = PBXResourcesBuildPhase;
			buildActionMask = 2147483647;
			files = (
				20C90D632A07EAFD003D42EA /* Preview Assets.xcassets in Resources */,
				20C90D602A07EAFD003D42EA /* Assets.xcassets in Resources */,
			);
			runOnlyForDeploymentPostprocessing = 0;
		};
/* End PBXResourcesBuildPhase section */

/* Begin PBXSourcesBuildPhase section */
		20C90D542A07EAFC003D42EA /* Sources */ = {
			isa = PBXSourcesBuildPhase;
			buildActionMask = 2147483647;
			files = (
				20C90D6F2A07ED93003D42EA /* TextFieldView.swift in Sources */,
				20C90D652A07EAFD003D42EA /* Persistence.swift in Sources */,
				20B5AA6D2A0BDC4C00A42E97 /* TextInstructionView.swift in Sources */,
				20264F812A0A559000EC0876 /* GameHistoryView.swift in Sources */,
				20B5AA702A0BDCE600A42E97 /* GameHistoryTextView.swift in Sources */,
				20B5AA6B2A0BDB5400A42E97 /* ButtonPlayView.swift in Sources */,
				20C90D5E2A07EAFC003D42EA /* ContentView.swift in Sources */,
				20C90D682A07EAFD003D42EA /* Tic_tac_toeGameApp_SwiftUI.xcdatamodeld in Sources */,
				20C90D5C2A07EAFC003D42EA /* Tic_tac_toeGameApp_SwiftUIApp.swift in Sources */,
				20B5AA692A0BDADF00A42E97 /* ImageRollerView.swift in Sources */,
				2096AED02A081CB2004D4145 /* GameView.swift in Sources */,
			);
			runOnlyForDeploymentPostprocessing = 0;
		};
/* End PBXSourcesBuildPhase section */

/* Begin XCBuildConfiguration section */
		20C90D692A07EAFD003D42EA /* Debug */ = {
			isa = XCBuildConfiguration;
			buildSettings = {
				ALWAYS_SEARCH_USER_PATHS = NO;
				CLANG_ANALYZER_NONNULL = YES;
				CLANG_ANALYZER_NUMBER_OBJECT_CONVERSION = YES_AGGRESSIVE;
				CLANG_CXX_LANGUAGE_STANDARD = "gnu++20";
				CLANG_ENABLE_MODULES = YES;
				CLANG_ENABLE_OBJC_ARC = YES;
				CLANG_ENABLE_OBJC_WEAK = YES;
				CLANG_WARN_BLOCK_CAPTURE_AUTORELEASING = YES;
				CLANG_WARN_BOOL_CONVERSION = YES;
				CLANG_WARN_COMMA = YES;
				CLANG_WARN_CONSTANT_CONVERSION = YES;
				CLANG_WARN_DEPRECATED_OBJC_IMPLEMENTATIONS = YES;
				CLANG_WARN_DIRECT_OBJC_ISA_USAGE = YES_ERROR;
				CLANG_WARN_DOCUMENTATION_COMMENTS = YES;
				CLANG_WARN_EMPTY_BODY = YES;
				CLANG_WARN_ENUM_CONVERSION = YES;
				CLANG_WARN_INFINITE_RECURSION = YES;
				CLANG_WARN_INT_CONVERSION = YES;
				CLANG_WARN_NON_LITERAL_NULL_CONVERSION = YES;
				CLANG_WARN_OBJC_IMPLICIT_RETAIN_SELF = YES;
				CLANG_WARN_OBJC_LITERAL_CONVERSION = YES;
				CLANG_WARN_OBJC_ROOT_CLASS = YES_ERROR;
				CLANG_WARN_QUOTED_INCLUDE_IN_FRAMEWORK_HEADER = YES;
				CLANG_WARN_RANGE_LOOP_ANALYSIS = YES;
				CLANG_WARN_STRICT_PROTOTYPES = YES;
				CLANG_WARN_SUSPICIOUS_MOVE = YES;
				CLANG_WARN_UNGUARDED_AVAILABILITY = YES_AGGRESSIVE;
				CLANG_WARN_UNREACHABLE_CODE = YES;
				CLANG_WARN__DUPLICATE_METHOD_MATCH = YES;
				COPY_PHASE_STRIP = NO;
				DEBUG_INFORMATION_FORMAT = dwarf;
				ENABLE_STRICT_OBJC_MSGSEND = YES;
				ENABLE_TESTABILITY = YES;
				GCC_C_LANGUAGE_STANDARD = gnu11;
				GCC_DYNAMIC_NO_PIC = NO;
				GCC_NO_COMMON_BLOCKS = YES;
				GCC_OPTIMIZATION_LEVEL = 0;
				GCC_PREPROCESSOR_DEFINITIONS = (
					"DEBUG=1",
					"$(inherited)",
				);
				GCC_WARN_64_TO_32_BIT_CONVERSION = YES;
				GCC_WARN_ABOUT_RETURN_TYPE = YES_ERROR;
				GCC_WARN_UNDECLARED_SELECTOR = YES;
				GCC_WARN_UNINITIALIZED_AUTOS = YES_AGGRESSIVE;
				GCC_WARN_UNUSED_FUNCTION = YES;
				GCC_WARN_UNUSED_VARIABLE = YES;
				IPHONEOS_DEPLOYMENT_TARGET = 16.2;
				MTL_ENABLE_DEBUG_INFO = INCLUDE_SOURCE;
				MTL_FAST_MATH = YES;
				ONLY_ACTIVE_ARCH = YES;
				SDKROOT = iphoneos;
				SWIFT_ACTIVE_COMPILATION_CONDITIONS = DEBUG;
				SWIFT_OPTIMIZATION_LEVEL = "-Onone";
			};
			name = Debug;
		};
		20C90D6A2A07EAFD003D42EA /* Release */ = {
			isa = XCBuildConfiguration;
			buildSettings = {
				ALWAYS_SEARCH_USER_PATHS = NO;
				CLANG_ANALYZER_NONNULL = YES;
				CLANG_ANALYZER_NUMBER_OBJECT_CONVERSION = YES_AGGRESSIVE;
				CLANG_CXX_LANGUAGE_STANDARD = "gnu++20";
				CLANG_ENABLE_MODULES = YES;
				CLANG_ENABLE_OBJC_ARC = YES;
				CLANG_ENABLE_OBJC_WEAK = YES;
				CLANG_WARN_BLOCK_CAPTURE_AUTORELEASING = YES;
				CLANG_WARN_BOOL_CONVERSION = YES;
				CLANG_WARN_COMMA = YES;
				CLANG_WARN_CONSTANT_CONVERSION = YES;
				CLANG_WARN_DEPRECATED_OBJC_IMPLEMENTATIONS = YES;
				CLANG_WARN_DIRECT_OBJC_ISA_USAGE = YES_ERROR;
				CLANG_WARN_DOCUMENTATION_COMMENTS = YES;
				CLANG_WARN_EMPTY_BODY = YES;
				CLANG_WARN_ENUM_CONVERSION = YES;
				CLANG_WARN_INFINITE_RECURSION = YES;
				CLANG_WARN_INT_CONVERSION = YES;
				CLANG_WARN_NON_LITERAL_NULL_CONVERSION = YES;
				CLANG_WARN_OBJC_IMPLICIT_RETAIN_SELF = YES;
				CLANG_WARN_OBJC_LITERAL_CONVERSION = YES;
				CLANG_WARN_OBJC_ROOT_CLASS = YES_ERROR;
				CLANG_WARN_QUOTED_INCLUDE_IN_FRAMEWORK_HEADER = YES;
				CLANG_WARN_RANGE_LOOP_ANALYSIS = YES;
				CLANG_WARN_STRICT_PROTOTYPES = YES;
				CLANG_WARN_SUSPICIOUS_MOVE = YES;
				CLANG_WARN_UNGUARDED_AVAILABILITY = YES_AGGRESSIVE;
				CLANG_WARN_UNREACHABLE_CODE = YES;
				CLANG_WARN__DUPLICATE_METHOD_MATCH = YES;
				COPY_PHASE_STRIP = NO;
				DEBUG_INFORMATION_FORMAT = "dwarf-with-dsym";
				ENABLE_NS_ASSERTIONS = NO;
				ENABLE_STRICT_OBJC_MSGSEND = YES;
				GCC_C_LANGUAGE_STANDARD = gnu11;
				GCC_NO_COMMON_BLOCKS = YES;
				GCC_WARN_64_TO_32_BIT_CONVERSION = YES;
				GCC_WARN_ABOUT_RETURN_TYPE = YES_ERROR;
				GCC_WARN_UNDECLARED_SELECTOR = YES;
				GCC_WARN_UNINITIALIZED_AUTOS = YES_AGGRESSIVE;
				GCC_WARN_UNUSED_FUNCTION = YES;
				GCC_WARN_UNUSED_VARIABLE = YES;
				IPHONEOS_DEPLOYMENT_TARGET = 16.2;
				MTL_ENABLE_DEBUG_INFO = NO;
				MTL_FAST_MATH = YES;
				SDKROOT = iphoneos;
				SWIFT_COMPILATION_MODE = wholemodule;
				SWIFT_OPTIMIZATION_LEVEL = "-O";
				VALIDATE_PRODUCT = YES;
			};
			name = Release;
		};
		20C90D6C2A07EAFD003D42EA /* Debug */ = {
			isa = XCBuildConfiguration;
			buildSettings = {
				ASSETCATALOG_COMPILER_APPICON_NAME = AppIcon;
				ASSETCATALOG_COMPILER_GLOBAL_ACCENT_COLOR_NAME = AccentColor;
				CODE_SIGN_STYLE = Automatic;
				CURRENT_PROJECT_VERSION = 1;
				DEVELOPMENT_ASSET_PATHS = "\"Tic-tac-toeGameApp_SwiftUI/Preview Content\"";
				DEVELOPMENT_TEAM = 52CHWJ7645;
				ENABLE_PREVIEWS = YES;
				GENERATE_INFOPLIST_FILE = YES;
				INFOPLIST_KEY_UIApplicationSceneManifest_Generation = YES;
				INFOPLIST_KEY_UIApplicationSupportsIndirectInputEvents = YES;
				INFOPLIST_KEY_UILaunchScreen_Generation = YES;
				INFOPLIST_KEY_UISupportedInterfaceOrientations_iPad = "UIInterfaceOrientationPortrait UIInterfaceOrientationPortraitUpsideDown UIInterfaceOrientationLandscapeLeft UIInterfaceOrientationLandscapeRight";
				INFOPLIST_KEY_UISupportedInterfaceOrientations_iPhone = "UIInterfaceOrientationPortrait UIInterfaceOrientationLandscapeLeft UIInterfaceOrientationLandscapeRight";
				LD_RUNPATH_SEARCH_PATHS = (
					"$(inherited)",
					"@executable_path/Frameworks",
				);
				MARKETING_VERSION = 1.0;
				PRODUCT_BUNDLE_IDENTIFIER = "-.Tic-tac-toeGameApp-SwiftUI";
				PRODUCT_NAME = "$(TARGET_NAME)";
				SWIFT_EMIT_LOC_STRINGS = YES;
				SWIFT_VERSION = 5.0;
				TARGETED_DEVICE_FAMILY = "1,2";
			};
			name = Debug;
		};
		20C90D6D2A07EAFD003D42EA /* Release */ = {
			isa = XCBuildConfiguration;
			buildSettings = {
				ASSETCATALOG_COMPILER_APPICON_NAME = AppIcon;
				ASSETCATALOG_COMPILER_GLOBAL_ACCENT_COLOR_NAME = AccentColor;
				CODE_SIGN_STYLE = Automatic;
				CURRENT_PROJECT_VERSION = 1;
				DEVELOPMENT_ASSET_PATHS = "\"Tic-tac-toeGameApp_SwiftUI/Preview Content\"";
				DEVELOPMENT_TEAM = 52CHWJ7645;
				ENABLE_PREVIEWS = YES;
				GENERATE_INFOPLIST_FILE = YES;
				INFOPLIST_KEY_UIApplicationSceneManifest_Generation = YES;
				INFOPLIST_KEY_UIApplicationSupportsIndirectInputEvents = YES;
				INFOPLIST_KEY_UILaunchScreen_Generation = YES;
				INFOPLIST_KEY_UISupportedInterfaceOrientations_iPad = "UIInterfaceOrientationPortrait UIInterfaceOrientationPortraitUpsideDown UIInterfaceOrientationLandscapeLeft UIInterfaceOrientationLandscapeRight";
				INFOPLIST_KEY_UISupportedInterfaceOrientations_iPhone = "UIInterfaceOrientationPortrait UIInterfaceOrientationLandscapeLeft UIInterfaceOrientationLandscapeRight";
				LD_RUNPATH_SEARCH_PATHS = (
					"$(inherited)",
					"@executable_path/Frameworks",
				);
				MARKETING_VERSION = 1.0;
				PRODUCT_BUNDLE_IDENTIFIER = "-.Tic-tac-toeGameApp-SwiftUI";
				PRODUCT_NAME = "$(TARGET_NAME)";
				SWIFT_EMIT_LOC_STRINGS = YES;
				SWIFT_VERSION = 5.0;
				TARGETED_DEVICE_FAMILY = "1,2";
			};
			name = Release;
		};
/* End XCBuildConfiguration section */

/* Begin XCConfigurationList section */
		20C90D532A07EAFC003D42EA /* Build configuration list for PBXProject "Tic-tac-toeGameApp_SwiftUI" */ = {
			isa = XCConfigurationList;
			buildConfigurations = (
				20C90D692A07EAFD003D42EA /* Debug */,
				20C90D6A2A07EAFD003D42EA /* Release */,
			);
			defaultConfigurationIsVisible = 0;
			defaultConfigurationName = Release;
		};
		20C90D6B2A07EAFD003D42EA /* Build configuration list for PBXNativeTarget "Tic-tac-toeGameApp_SwiftUI" */ = {
			isa = XCConfigurationList;
			buildConfigurations = (
				20C90D6C2A07EAFD003D42EA /* Debug */,
				20C90D6D2A07EAFD003D42EA /* Release */,
			);
			defaultConfigurationIsVisible = 0;
			defaultConfigurationName = Release;
		};
/* End XCConfigurationList section */

/* Begin XCVersionGroup section */
		20C90D662A07EAFD003D42EA /* Tic_tac_toeGameApp_SwiftUI.xcdatamodeld */ = {
			isa = XCVersionGroup;
			children = (
				20C90D672A07EAFD003D42EA /* Tic_tac_toeGameApp_SwiftUI.xcdatamodel */,
			);
			currentVersion = 20C90D672A07EAFD003D42EA /* Tic_tac_toeGameApp_SwiftUI.xcdatamodel */;
			path = Tic_tac_toeGameApp_SwiftUI.xcdatamodeld;
			sourceTree = "<group>";
			versionGroupType = wrapper.xcdatamodel;
		};
/* End XCVersionGroup section */
	};
	rootObject = 20C90D502A07EAFC003D42EA /* Project object */;
}
